
Microsoft Visual Studio Solution File, Format Version 12.00
# Visual Studio Version 17
VisualStudioVersion = 17.0.32112.339
MinimumVisualStudioVersion = 10.0.40219.1
Project("{FAE04EC0-301F-11D3-BF4B-00C04F79EFBC}") = "RegexPinCodeUC1", "RegexPinCodeUC1\RegexPinCodeUC1.csproj", "{401EB7C8-3821-42B2-8014-546070DAD666}"
EndProject
Global
	GlobalSection(SolutionConfigurationPlatforms) = preSolution
		Debug|Any CPU = Debug|Any CPU
		Release|Any CPU = Release|Any CPU
	EndGlobalSection
	GlobalSection(ProjectConfigurationPlatforms) = postSolution
		{401EB7C8-3821-42B2-8014-546070DAD666}.Debug|Any CPU.ActiveCfg = Debug|Any CPU
		{401EB7C8-3821-42B2-8014-546070DAD666}.Debug|Any CPU.Build.0 = Debug|Any CPU
		{401EB7C8-3821-42B2-8014-546070DAD666}.Release|Any CPU.ActiveCfg = Release|Any CPU
		{401EB7C8-3821-42B2-8014-546070DAD666}.Release|Any CPU.Build.0 = Release|Any CPU
	EndGlobalSection
	GlobalSection(SolutionProperties) = preSolution
		HideSolutionNode = FALSE
	EndGlobalSection
	GlobalSection(ExtensibilityGlobals) = postSolution
		SolutionGuid = {90511EF4-68F5-411D-A5CA-DE8FCD1B7CC7}
	EndGlobalSection
EndGlobal
