
Microsoft Visual Studio Solution File, Format Version 12.00
# Visual Studio Version 17
VisualStudioVersion = 17.0.32112.339
MinimumVisualStudioVersion = 10.0.40219.1
Project("{FAE04EC0-301F-11D3-BF4B-00C04F79EFBC}") = "DisplayingWelcomeMessage", "DisplayingWelcomeMessage\DisplayingWelcomeMessage.csproj", "{1B55F9E7-AAB9-4E5D-B83B-EEB10BF66DCE}"
EndProject
Global
	GlobalSection(SolutionConfigurationPlatforms) = preSolution
		Debug|Any CPU = Debug|Any CPU
		Release|Any CPU = Release|Any CPU
	EndGlobalSection
	GlobalSection(ProjectConfigurationPlatforms) = postSolution
		{1B55F9E7-AAB9-4E5D-B83B-EEB10BF66DCE}.Debug|Any CPU.ActiveCfg = Debug|Any CPU
		{1B55F9E7-AAB9-4E5D-B83B-EEB10BF66DCE}.Debug|Any CPU.Build.0 = Debug|Any CPU
		{1B55F9E7-AAB9-4E5D-B83B-EEB10BF66DCE}.Release|Any CPU.ActiveCfg = Release|Any CPU
		{1B55F9E7-AAB9-4E5D-B83B-EEB10BF66DCE}.Release|Any CPU.Build.0 = Release|Any CPU
	EndGlobalSection
	GlobalSection(SolutionProperties) = preSolution
		HideSolutionNode = FALSE
	EndGlobalSection
	GlobalSection(ExtensibilityGlobals) = postSolution
		SolutionGuid = {B1AA3B78-7DFA-4598-B404-A722AEA2FD77}
	EndGlobalSection
EndGlobal
